
Microsoft Visual Studio Solution File, Format Version 12.00
# Visual Studio Version 17
VisualStudioVersion = 17.7.34024.191
MinimumVisualStudioVersion = 10.0.40219.1
Project("{2150E333-8FDC-42A3-9474-1A3956D46DE8}") = "Task0", "Task0", "{A3D46E86-2D68-4CC2-982F-CB6EAA160DCE}"
EndProject
Project("{FAE04EC0-301F-11D3-BF4B-00C04F79EFBC}") = "Tyuiu.KosovAS.Sprint1.Task0.V3", "Tyuiu.KosovAS.Sprint1.Task0.V0\Tyuiu.KosovAS.Sprint1.Task0.V3.csproj", "{5FB9D952-8766-4888-A368-52E98B5F8A29}"
EndProject
Project("{FAE04EC0-301F-11D3-BF4B-00C04F79EFBC}") = "Tyuiu.KosovAS.Sprint1.Task0.V3.Lib", "Tyuiu.KosovAS.Sprint1.Task0.V0.Lib\Tyuiu.KosovAS.Sprint1.Task0.V3.Lib.csproj", "{E838D338-7E5D-4956-A48D-5538729FB34B}"
EndProject
Project("{FAE04EC0-301F-11D3-BF4B-00C04F79EFBC}") = "Tyuiu.KosovAS.Sprint1.Task0.V3.Test", "Tyuiu.KosovAS.Sprint1.Task0.V0.Test\Tyuiu.KosovAS.Sprint1.Task0.V3.Test.csproj", "{05DBCE3A-B280-4702-BC68-68ED20AF5101}"
EndProject
Project("{2150E333-8FDC-42A3-9474-1A3956D46DE8}") = "Task1", "Task1", "{41430BDE-DF74-4BD1-A61D-0DFC5B732060}"
EndProject
Project("{FAE04EC0-301F-11D3-BF4B-00C04F79EFBC}") = "Tyuiu.KosovAS.Sprint1.Task1.V2", "Tyuiu.KosovAS.Sprint1.Task1.V2\Tyuiu.KosovAS.Sprint1.Task1.V2.csproj", "{B8FCA711-E050-49B4-AF39-9E236C9DB986}"
EndProject
Project("{FAE04EC0-301F-11D3-BF4B-00C04F79EFBC}") = "Tyuiu.KosovAS.Sprint1.Task1.V2.Lib", "Tyuiu.KosovAS.Sprint1.Task1.V2.Lib\Tyuiu.KosovAS.Sprint1.Task1.V2.Lib.csproj", "{1AA6D205-0000-4792-A218-AA77483BFBFF}"
EndProject
Project("{FAE04EC0-301F-11D3-BF4B-00C04F79EFBC}") = "Tyuiu.KosovAS.Sprint1.Task1.V2.Test", "Tyuiu.KosovAS.Sprint1.Task1.V2.Test\Tyuiu.KosovAS.Sprint1.Task1.V2.Test.csproj", "{AEB43E0D-B328-44FB-B52C-62CC0DF4AEFE}"
EndProject
Project("{2150E333-8FDC-42A3-9474-1A3956D46DE8}") = "Task2", "Task2", "{BD12D4EC-9C81-43AD-A4A9-5586AFB39692}"
EndProject
Project("{FAE04EC0-301F-11D3-BF4B-00C04F79EFBC}") = "Tyuiu.KosovAS.Sprint1.Task2.V8", "Tyuiu.KosovAS.Sprint1.Task2.V8\Tyuiu.KosovAS.Sprint1.Task2.V8.csproj", "{B2D84C62-95B5-4FEB-A868-43BF6BB7637A}"
EndProject
Project("{FAE04EC0-301F-11D3-BF4B-00C04F79EFBC}") = "Tyuiu.KosovAS.Sprint1.Task2.V8.Lib", "Tyuiu.KosovAS.Sprint1.Task2.V8.Lib\Tyuiu.KosovAS.Sprint1.Task2.V8.Lib.csproj", "{907F6B0C-E04C-4F73-95F3-5D66E1EDBD0E}"
EndProject
Project("{FAE04EC0-301F-11D3-BF4B-00C04F79EFBC}") = "Tyuiu.KosovAS.Sprint1.Task2.V8.Test", "Tyuiu.KosovAS.Sprint1.Task2.V8.Test\Tyuiu.KosovAS.Sprint1.Task2.V8.Test.csproj", "{06B9A208-E492-4C94-A6FD-ED4C82837C12}"
EndProject
Project("{2150E333-8FDC-42A3-9474-1A3956D46DE8}") = "Task3", "Task3", "{274796FB-A1DB-4B6C-B7B0-D025858DFDBB}"
EndProject
Project("{FAE04EC0-301F-11D3-BF4B-00C04F79EFBC}") = "Tyuiu.KosovAS.Sprint1.Task3.V2", "Tyuiu.KosovAS.Sprint1.Task3.V2\Tyuiu.KosovAS.Sprint1.Task3.V2.csproj", "{2CCC92BE-BD09-4EE5-9596-9F6882918937}"
EndProject
Project("{FAE04EC0-301F-11D3-BF4B-00C04F79EFBC}") = "Tyuiu.KosovAS.Sprint1.Task3.V2.Lib", "Tyuiu.KosovAS.Sprint1.Task3.V2.Lib\Tyuiu.KosovAS.Sprint1.Task3.V2.Lib.csproj", "{338C98FD-9875-4D40-BCED-46CCAB045BFC}"
EndProject
Project("{FAE04EC0-301F-11D3-BF4B-00C04F79EFBC}") = "Tyuiu.KosovAS.Sprint1.Task3.V2.Test", "Tyuiu.KosovAS.Sprint1.Task3.V2.Test\Tyuiu.KosovAS.Sprint1.Task3.V2.Test.csproj", "{678D19F9-E965-4492-A0A1-BFFAFD01DDC9}"
EndProject
Project("{2150E333-8FDC-42A3-9474-1A3956D46DE8}") = "Task4", "Task4", "{7C03846C-997C-4C3F-A0A6-6542682A988A}"
EndProject
Project("{FAE04EC0-301F-11D3-BF4B-00C04F79EFBC}") = "Tyuiu.KosovAS.Sprint1.Task4.V21", "Tyuiu.KosovAS.Sprint1.Task4.V21\Tyuiu.KosovAS.Sprint1.Task4.V21.csproj", "{9ADF44C1-CC52-404D-8C70-9F0F87FF9024}"
EndProject
Project("{FAE04EC0-301F-11D3-BF4B-00C04F79EFBC}") = "Tyuiu.KosovAS.Sprint1.Task4.V21.Lib", "Tyuiu.KosovAS.Sprint1.Task4.V21.Lib\Tyuiu.KosovAS.Sprint1.Task4.V21.Lib.csproj", "{80CF0CCE-1EBF-48A7-A851-FB424C5CA8D5}"
EndProject
Project("{FAE04EC0-301F-11D3-BF4B-00C04F79EFBC}") = "Tyuiu.KosovAS.Sprint1.Task4.V21.Test", "Tyuiu.KosovAS.Sprint1.Task4.V21.Test\Tyuiu.KosovAS.Sprint1.Task4.V21.Test.csproj", "{E7B4E28E-804F-4801-82D7-5F96A2DA3EFA}"
EndProject
Project("{2150E333-8FDC-42A3-9474-1A3956D46DE8}") = "Task5", "Task5", "{7D79B8DD-80C8-4A8D-B074-51C4BBA8AA10}"
EndProject
Project("{FAE04EC0-301F-11D3-BF4B-00C04F79EFBC}") = "Tyuiu.KosovAS.Sprint1.Task5.V2", "Tyuiu.KosovAS.Sprint1.Task5.V2\Tyuiu.KosovAS.Sprint1.Task5.V2.csproj", "{7364BE78-0473-4E02-BF29-852096A3388D}"
EndProject
Project("{FAE04EC0-301F-11D3-BF4B-00C04F79EFBC}") = "Tyuiu.KosovAS.Sprint1.Task5.V2.Lib", "Tyuiu.KosovAS.Sprint1.Task5.V2.Lib\Tyuiu.KosovAS.Sprint1.Task5.V2.Lib.csproj", "{8B3D129B-3E54-4EAA-9A01-0A901E66CCD1}"
EndProject
Project("{FAE04EC0-301F-11D3-BF4B-00C04F79EFBC}") = "Tyuiu.KosovAS.Sprint1.Task5.V2.Test", "Tyuiu.KosovAS.Sprint1.Task5.V2.Test\Tyuiu.KosovAS.Sprint1.Task5.V2.Test.csproj", "{2C3F7FEA-9953-4E81-8706-8BDABF9D89DE}"
EndProject
Project("{2150E333-8FDC-42A3-9474-1A3956D46DE8}") = "Task6", "Task6", "{25CCE124-D552-4D29-B255-99B122CCC5BE}"
EndProject
Project("{FAE04EC0-301F-11D3-BF4B-00C04F79EFBC}") = "Tyuiu.KosovAS.Sprint1.Task6.V18", "Tyuiu.KosovAS.Sprint1.Task6.V18\Tyuiu.KosovAS.Sprint1.Task6.V18.csproj", "{8153A0B3-D424-48A5-BD82-DC31324B2557}"
EndProject
Project("{FAE04EC0-301F-11D3-BF4B-00C04F79EFBC}") = "Tyuiu.KosovAS.Sprint1.Task6.V18.Lib", "Tyuiu.KosovAS.Sprint1.Task6.V18.Lib\Tyuiu.KosovAS.Sprint1.Task6.V18.Lib.csproj", "{6CBD49B8-B6F7-48F1-A046-5E73EFA6D6E0}"
EndProject
Project("{FAE04EC0-301F-11D3-BF4B-00C04F79EFBC}") = "Tyuiu.KosovAS.Sprint1.Task6.V18.Test", "Tyuiu.KosovAS.Sprint1.Task6.V18.Test\Tyuiu.KosovAS.Sprint1.Task6.V18.Test.csproj", "{64471744-0846-4CF9-BF63-41B5CD1D82BF}"
EndProject
Project("{2150E333-8FDC-42A3-9474-1A3956D46DE8}") = "Task7", "Task7", "{29A6B5F9-A48B-46A5-9204-CC25503822AF}"
EndProject
Project("{FAE04EC0-301F-11D3-BF4B-00C04F79EFBC}") = "Tyuiu.KosovAS.Sprint1.Task7.V16", "Tyuiu.KosovAS.Sprint1.Task7.V16\Tyuiu.KosovAS.Sprint1.Task7.V16.csproj", "{0D0A41A8-1238-4BE4-8CA3-35939998A4D0}"
EndProject
Project("{FAE04EC0-301F-11D3-BF4B-00C04F79EFBC}") = "Tyuiu.KosovAS.Sprint1.Task7.V16.Lib", "Tyuiu.KosovAS.Sprint1.Task7.V16.Lib\Tyuiu.KosovAS.Sprint1.Task7.V16.Lib.csproj", "{87D0E876-4902-4C74-B0FE-7EF4DEEB267B}"
EndProject
Project("{FAE04EC0-301F-11D3-BF4B-00C04F79EFBC}") = "Tyuiu.KosovAS.Sprint1.Task7.V16.Test", "Tyuiu.KosovAS.Sprint1.Task7.V16.Test\Tyuiu.KosovAS.Sprint1.Task7.V16.Test.csproj", "{701B1AC1-27C7-417D-8908-E792E0C841B7}"
EndProject
Global
	GlobalSection(SolutionConfigurationPlatforms) = preSolution
		Debug|Any CPU = Debug|Any CPU
		Release|Any CPU = Release|Any CPU
	EndGlobalSection
	GlobalSection(ProjectConfigurationPlatforms) = postSolution
		{5FB9D952-8766-4888-A368-52E98B5F8A29}.Debug|Any CPU.ActiveCfg = Debug|Any CPU
		{5FB9D952-8766-4888-A368-52E98B5F8A29}.Debug|Any CPU.Build.0 = Debug|Any CPU
		{5FB9D952-8766-4888-A368-52E98B5F8A29}.Release|Any CPU.ActiveCfg = Release|Any CPU
		{5FB9D952-8766-4888-A368-52E98B5F8A29}.Release|Any CPU.Build.0 = Release|Any CPU
		{E838D338-7E5D-4956-A48D-5538729FB34B}.Debug|Any CPU.ActiveCfg = Debug|Any CPU
		{E838D338-7E5D-4956-A48D-5538729FB34B}.Debug|Any CPU.Build.0 = Debug|Any CPU
		{E838D338-7E5D-4956-A48D-5538729FB34B}.Release|Any CPU.ActiveCfg = Release|Any CPU
		{E838D338-7E5D-4956-A48D-5538729FB34B}.Release|Any CPU.Build.0 = Release|Any CPU
		{05DBCE3A-B280-4702-BC68-68ED20AF5101}.Debug|Any CPU.ActiveCfg = Debug|Any CPU
		{05DBCE3A-B280-4702-BC68-68ED20AF5101}.Debug|Any CPU.Build.0 = Debug|Any CPU
		{05DBCE3A-B280-4702-BC68-68ED20AF5101}.Release|Any CPU.ActiveCfg = Release|Any CPU
		{05DBCE3A-B280-4702-BC68-68ED20AF5101}.Release|Any CPU.Build.0 = Release|Any CPU
		{B8FCA711-E050-49B4-AF39-9E236C9DB986}.Debug|Any CPU.ActiveCfg = Debug|Any CPU
		{B8FCA711-E050-49B4-AF39-9E236C9DB986}.Debug|Any CPU.Build.0 = Debug|Any CPU
		{B8FCA711-E050-49B4-AF39-9E236C9DB986}.Release|Any CPU.ActiveCfg = Release|Any CPU
		{B8FCA711-E050-49B4-AF39-9E236C9DB986}.Release|Any CPU.Build.0 = Release|Any CPU
		{1AA6D205-0000-4792-A218-AA77483BFBFF}.Debug|Any CPU.ActiveCfg = Debug|Any CPU
		{1AA6D205-0000-4792-A218-AA77483BFBFF}.Debug|Any CPU.Build.0 = Debug|Any CPU
		{1AA6D205-0000-4792-A218-AA77483BFBFF}.Release|Any CPU.ActiveCfg = Release|Any CPU
		{1AA6D205-0000-4792-A218-AA77483BFBFF}.Release|Any CPU.Build.0 = Release|Any CPU
		{AEB43E0D-B328-44FB-B52C-62CC0DF4AEFE}.Debug|Any CPU.ActiveCfg = Debug|Any CPU
		{AEB43E0D-B328-44FB-B52C-62CC0DF4AEFE}.Debug|Any CPU.Build.0 = Debug|Any CPU
		{AEB43E0D-B328-44FB-B52C-62CC0DF4AEFE}.Release|Any CPU.ActiveCfg = Release|Any CPU
		{AEB43E0D-B328-44FB-B52C-62CC0DF4AEFE}.Release|Any CPU.Build.0 = Release|Any CPU
		{B2D84C62-95B5-4FEB-A868-43BF6BB7637A}.Debug|Any CPU.ActiveCfg = Debug|Any CPU
		{B2D84C62-95B5-4FEB-A868-43BF6BB7637A}.Debug|Any CPU.Build.0 = Debug|Any CPU
		{B2D84C62-95B5-4FEB-A868-43BF6BB7637A}.Release|Any CPU.ActiveCfg = Release|Any CPU
		{B2D84C62-95B5-4FEB-A868-43BF6BB7637A}.Release|Any CPU.Build.0 = Release|Any CPU
		{907F6B0C-E04C-4F73-95F3-5D66E1EDBD0E}.Debug|Any CPU.ActiveCfg = Debug|Any CPU
		{907F6B0C-E04C-4F73-95F3-5D66E1EDBD0E}.Debug|Any CPU.Build.0 = Debug|Any CPU
		{907F6B0C-E04C-4F73-95F3-5D66E1EDBD0E}.Release|Any CPU.ActiveCfg = Release|Any CPU
		{907F6B0C-E04C-4F73-95F3-5D66E1EDBD0E}.Release|Any CPU.Build.0 = Release|Any CPU
		{06B9A208-E492-4C94-A6FD-ED4C82837C12}.Debug|Any CPU.ActiveCfg = Debug|Any CPU
		{06B9A208-E492-4C94-A6FD-ED4C82837C12}.Debug|Any CPU.Build.0 = Debug|Any CPU
		{06B9A208-E492-4C94-A6FD-ED4C82837C12}.Release|Any CPU.ActiveCfg = Release|Any CPU
		{06B9A208-E492-4C94-A6FD-ED4C82837C12}.Release|Any CPU.Build.0 = Release|Any CPU
		{2CCC92BE-BD09-4EE5-9596-9F6882918937}.Debug|Any CPU.ActiveCfg = Debug|Any CPU
		{2CCC92BE-BD09-4EE5-9596-9F6882918937}.Debug|Any CPU.Build.0 = Debug|Any CPU
		{2CCC92BE-BD09-4EE5-9596-9F6882918937}.Release|Any CPU.ActiveCfg = Release|Any CPU
		{2CCC92BE-BD09-4EE5-9596-9F6882918937}.Release|Any CPU.Build.0 = Release|Any CPU
		{338C98FD-9875-4D40-BCED-46CCAB045BFC}.Debug|Any CPU.ActiveCfg = Debug|Any CPU
		{338C98FD-9875-4D40-BCED-46CCAB045BFC}.Debug|Any CPU.Build.0 = Debug|Any CPU
		{338C98FD-9875-4D40-BCED-46CCAB045BFC}.Release|Any CPU.ActiveCfg = Release|Any CPU
		{338C98FD-9875-4D40-BCED-46CCAB045BFC}.Release|Any CPU.Build.0 = Release|Any CPU
		{678D19F9-E965-4492-A0A1-BFFAFD01DDC9}.Debug|Any CPU.ActiveCfg = Debug|Any CPU
		{678D19F9-E965-4492-A0A1-BFFAFD01DDC9}.Debug|Any CPU.Build.0 = Debug|Any CPU
		{678D19F9-E965-4492-A0A1-BFFAFD01DDC9}.Release|Any CPU.ActiveCfg = Release|Any CPU
		{678D19F9-E965-4492-A0A1-BFFAFD01DDC9}.Release|Any CPU.Build.0 = Release|Any CPU
		{9ADF44C1-CC52-404D-8C70-9F0F87FF9024}.Debug|Any CPU.ActiveCfg = Debug|Any CPU
		{9ADF44C1-CC52-404D-8C70-9F0F87FF9024}.Debug|Any CPU.Build.0 = Debug|Any CPU
		{9ADF44C1-CC52-404D-8C70-9F0F87FF9024}.Release|Any CPU.ActiveCfg = Release|Any CPU
		{9ADF44C1-CC52-404D-8C70-9F0F87FF9024}.Release|Any CPU.Build.0 = Release|Any CPU
		{80CF0CCE-1EBF-48A7-A851-FB424C5CA8D5}.Debug|Any CPU.ActiveCfg = Debug|Any CPU
		{80CF0CCE-1EBF-48A7-A851-FB424C5CA8D5}.Debug|Any CPU.Build.0 = Debug|Any CPU
		{80CF0CCE-1EBF-48A7-A851-FB424C5CA8D5}.Release|Any CPU.ActiveCfg = Release|Any CPU
		{80CF0CCE-1EBF-48A7-A851-FB424C5CA8D5}.Release|Any CPU.Build.0 = Release|Any CPU
		{E7B4E28E-804F-4801-82D7-5F96A2DA3EFA}.Debug|Any CPU.ActiveCfg = Debug|Any CPU
		{E7B4E28E-804F-4801-82D7-5F96A2DA3EFA}.Debug|Any CPU.Build.0 = Debug|Any CPU
		{E7B4E28E-804F-4801-82D7-5F96A2DA3EFA}.Release|Any CPU.ActiveCfg = Release|Any CPU
		{E7B4E28E-804F-4801-82D7-5F96A2DA3EFA}.Release|Any CPU.Build.0 = Release|Any CPU
		{7364BE78-0473-4E02-BF29-852096A3388D}.Debug|Any CPU.ActiveCfg = Debug|Any CPU
		{7364BE78-0473-4E02-BF29-852096A3388D}.Debug|Any CPU.Build.0 = Debug|Any CPU
		{7364BE78-0473-4E02-BF29-852096A3388D}.Release|Any CPU.ActiveCfg = Release|Any CPU
		{7364BE78-0473-4E02-BF29-852096A3388D}.Release|Any CPU.Build.0 = Release|Any CPU
		{8B3D129B-3E54-4EAA-9A01-0A901E66CCD1}.Debug|Any CPU.ActiveCfg = Debug|Any CPU
		{8B3D129B-3E54-4EAA-9A01-0A901E66CCD1}.Debug|Any CPU.Build.0 = Debug|Any CPU
		{8B3D129B-3E54-4EAA-9A01-0A901E66CCD1}.Release|Any CPU.ActiveCfg = Release|Any CPU
		{8B3D129B-3E54-4EAA-9A01-0A901E66CCD1}.Release|Any CPU.Build.0 = Release|Any CPU
		{2C3F7FEA-9953-4E81-8706-8BDABF9D89DE}.Debug|Any CPU.ActiveCfg = Debug|Any CPU
		{2C3F7FEA-9953-4E81-8706-8BDABF9D89DE}.Debug|Any CPU.Build.0 = Debug|Any CPU
		{2C3F7FEA-9953-4E81-8706-8BDABF9D89DE}.Release|Any CPU.ActiveCfg = Release|Any CPU
		{2C3F7FEA-9953-4E81-8706-8BDABF9D89DE}.Release|Any CPU.Build.0 = Release|Any CPU
		{8153A0B3-D424-48A5-BD82-DC31324B2557}.Debug|Any CPU.ActiveCfg = Debug|Any CPU
		{8153A0B3-D424-48A5-BD82-DC31324B2557}.Debug|Any CPU.Build.0 = Debug|Any CPU
		{8153A0B3-D424-48A5-BD82-DC31324B2557}.Release|Any CPU.ActiveCfg = Release|Any CPU
		{8153A0B3-D424-48A5-BD82-DC31324B2557}.Release|Any CPU.Build.0 = Release|Any CPU
		{6CBD49B8-B6F7-48F1-A046-5E73EFA6D6E0}.Debug|Any CPU.ActiveCfg = Debug|Any CPU
		{6CBD49B8-B6F7-48F1-A046-5E73EFA6D6E0}.Debug|Any CPU.Build.0 = Debug|Any CPU
		{6CBD49B8-B6F7-48F1-A046-5E73EFA6D6E0}.Release|Any CPU.ActiveCfg = Release|Any CPU
		{6CBD49B8-B6F7-48F1-A046-5E73EFA6D6E0}.Release|Any CPU.Build.0 = Release|Any CPU
		{64471744-0846-4CF9-BF63-41B5CD1D82BF}.Debug|Any CPU.ActiveCfg = Debug|Any CPU
		{64471744-0846-4CF9-BF63-41B5CD1D82BF}.Debug|Any CPU.Build.0 = Debug|Any CPU
		{64471744-0846-4CF9-BF63-41B5CD1D82BF}.Release|Any CPU.ActiveCfg = Release|Any CPU
		{64471744-0846-4CF9-BF63-41B5CD1D82BF}.Release|Any CPU.Build.0 = Release|Any CPU
		{0D0A41A8-1238-4BE4-8CA3-35939998A4D0}.Debug|Any CPU.ActiveCfg = Debug|Any CPU
		{0D0A41A8-1238-4BE4-8CA3-35939998A4D0}.Debug|Any CPU.Build.0 = Debug|Any CPU
		{0D0A41A8-1238-4BE4-8CA3-35939998A4D0}.Release|Any CPU.ActiveCfg = Release|Any CPU
		{0D0A41A8-1238-4BE4-8CA3-35939998A4D0}.Release|Any CPU.Build.0 = Release|Any CPU
		{87D0E876-4902-4C74-B0FE-7EF4DEEB267B}.Debug|Any CPU.ActiveCfg = Debug|Any CPU
		{87D0E876-4902-4C74-B0FE-7EF4DEEB267B}.Debug|Any CPU.Build.0 = Debug|Any CPU
		{87D0E876-4902-4C74-B0FE-7EF4DEEB267B}.Release|Any CPU.ActiveCfg = Release|Any CPU
		{87D0E876-4902-4C74-B0FE-7EF4DEEB267B}.Release|Any CPU.Build.0 = Release|Any CPU
		{701B1AC1-27C7-417D-8908-E792E0C841B7}.Debug|Any CPU.ActiveCfg = Debug|Any CPU
		{701B1AC1-27C7-417D-8908-E792E0C841B7}.Debug|Any CPU.Build.0 = Debug|Any CPU
		{701B1AC1-27C7-417D-8908-E792E0C841B7}.Release|Any CPU.ActiveCfg = Release|Any CPU
		{701B1AC1-27C7-417D-8908-E792E0C841B7}.Release|Any CPU.Build.0 = Release|Any CPU
	EndGlobalSection
	GlobalSection(SolutionProperties) = preSolution
		HideSolutionNode = FALSE
	EndGlobalSection
	GlobalSection(NestedProjects) = preSolution
		{5FB9D952-8766-4888-A368-52E98B5F8A29} = {A3D46E86-2D68-4CC2-982F-CB6EAA160DCE}
		{E838D338-7E5D-4956-A48D-5538729FB34B} = {A3D46E86-2D68-4CC2-982F-CB6EAA160DCE}
		{05DBCE3A-B280-4702-BC68-68ED20AF5101} = {A3D46E86-2D68-4CC2-982F-CB6EAA160DCE}
		{B8FCA711-E050-49B4-AF39-9E236C9DB986} = {41430BDE-DF74-4BD1-A61D-0DFC5B732060}
		{1AA6D205-0000-4792-A218-AA77483BFBFF} = {41430BDE-DF74-4BD1-A61D-0DFC5B732060}
		{AEB43E0D-B328-44FB-B52C-62CC0DF4AEFE} = {41430BDE-DF74-4BD1-A61D-0DFC5B732060}
		{B2D84C62-95B5-4FEB-A868-43BF6BB7637A} = {BD12D4EC-9C81-43AD-A4A9-5586AFB39692}
		{907F6B0C-E04C-4F73-95F3-5D66E1EDBD0E} = {BD12D4EC-9C81-43AD-A4A9-5586AFB39692}
		{06B9A208-E492-4C94-A6FD-ED4C82837C12} = {BD12D4EC-9C81-43AD-A4A9-5586AFB39692}
		{2CCC92BE-BD09-4EE5-9596-9F6882918937} = {274796FB-A1DB-4B6C-B7B0-D025858DFDBB}
		{338C98FD-9875-4D40-BCED-46CCAB045BFC} = {274796FB-A1DB-4B6C-B7B0-D025858DFDBB}
		{678D19F9-E965-4492-A0A1-BFFAFD01DDC9} = {274796FB-A1DB-4B6C-B7B0-D025858DFDBB}
		{9ADF44C1-CC52-404D-8C70-9F0F87FF9024} = {7C03846C-997C-4C3F-A0A6-6542682A988A}
		{80CF0CCE-1EBF-48A7-A851-FB424C5CA8D5} = {7C03846C-997C-4C3F-A0A6-6542682A988A}
		{E7B4E28E-804F-4801-82D7-5F96A2DA3EFA} = {7C03846C-997C-4C3F-A0A6-6542682A988A}
		{7364BE78-0473-4E02-BF29-852096A3388D} = {7D79B8DD-80C8-4A8D-B074-51C4BBA8AA10}
		{8B3D129B-3E54-4EAA-9A01-0A901E66CCD1} = {7D79B8DD-80C8-4A8D-B074-51C4BBA8AA10}
		{2C3F7FEA-9953-4E81-8706-8BDABF9D89DE} = {7D79B8DD-80C8-4A8D-B074-51C4BBA8AA10}
		{8153A0B3-D424-48A5-BD82-DC31324B2557} = {25CCE124-D552-4D29-B255-99B122CCC5BE}
		{6CBD49B8-B6F7-48F1-A046-5E73EFA6D6E0} = {25CCE124-D552-4D29-B255-99B122CCC5BE}
		{64471744-0846-4CF9-BF63-41B5CD1D82BF} = {25CCE124-D552-4D29-B255-99B122CCC5BE}
		{0D0A41A8-1238-4BE4-8CA3-35939998A4D0} = {29A6B5F9-A48B-46A5-9204-CC25503822AF}
		{87D0E876-4902-4C74-B0FE-7EF4DEEB267B} = {29A6B5F9-A48B-46A5-9204-CC25503822AF}
		{701B1AC1-27C7-417D-8908-E792E0C841B7} = {29A6B5F9-A48B-46A5-9204-CC25503822AF}
	EndGlobalSection
	GlobalSection(ExtensibilityGlobals) = postSolution
		SolutionGuid = {452E42F7-FBE1-4F18-8E2C-74C5478F2EBC}
	EndGlobalSection
EndGlobal
